
Microsoft Visual Studio Solution File, Format Version 12.00
# Visual Studio Version 16
VisualStudioVersion = 16.0.30804.86
MinimumVisualStudioVersion = 10.0.40219.1
Project("{FAE04EC0-301F-11D3-BF4B-00C04F79EFBC}") = "Calculate", "Calculate\Calculate.csproj", "{D300674E-6C8A-431E-881C-102D82000C67}"
EndProject
Global
	GlobalSection(SolutionConfigurationPlatforms) = preSolution
		Debug|Any CPU = Debug|Any CPU
		Release|Any CPU = Release|Any CPU
	EndGlobalSection
	GlobalSection(ProjectConfigurationPlatforms) = postSolution
		{D300674E-6C8A-431E-881C-102D82000C67}.Debug|Any CPU.ActiveCfg = Debug|Any CPU
		{D300674E-6C8A-431E-881C-102D82000C67}.Debug|Any CPU.Build.0 = Debug|Any CPU
		{D300674E-6C8A-431E-881C-102D82000C67}.Release|Any CPU.ActiveCfg = Release|Any CPU
		{D300674E-6C8A-431E-881C-102D82000C67}.Release|Any CPU.Build.0 = Release|Any CPU
	EndGlobalSection
	GlobalSection(SolutionProperties) = preSolution
		HideSolutionNode = FALSE
	EndGlobalSection
	GlobalSection(ExtensibilityGlobals) = postSolution
		SolutionGuid = {00B81A82-9CD7-42F4-BD45-D8FC3E61B743}
	EndGlobalSection
EndGlobal
